
Microsoft Visual Studio Solution File, Format Version 12.00
# Visual Studio Version 16
VisualStudioVersion = 16.0.31321.278
MinimumVisualStudioVersion = 10.0.40219.1
Project("{FAE04EC0-301F-11D3-BF4B-00C04F79EFBC}") = "LearnCS", "LearnCS\LearnCS.csproj", "{4C0C36A6-16F3-412D-92D2-7E57F5C8B4D8}"
EndProject
Project("{FAE04EC0-301F-11D3-BF4B-00C04F79EFBC}") = "EMS", "EMS\EMS.csproj", "{2640FE52-8A1F-4C41-8450-CDD78548DD45}"
EndProject
Global
	GlobalSection(SolutionConfigurationPlatforms) = preSolution
		Debug|Any CPU = Debug|Any CPU
		Release|Any CPU = Release|Any CPU
	EndGlobalSection
	GlobalSection(ProjectConfigurationPlatforms) = postSolution
		{4C0C36A6-16F3-412D-92D2-7E57F5C8B4D8}.Debug|Any CPU.ActiveCfg = Debug|Any CPU
		{4C0C36A6-16F3-412D-92D2-7E57F5C8B4D8}.Debug|Any CPU.Build.0 = Debug|Any CPU
		{4C0C36A6-16F3-412D-92D2-7E57F5C8B4D8}.Release|Any CPU.ActiveCfg = Release|Any CPU
		{4C0C36A6-16F3-412D-92D2-7E57F5C8B4D8}.Release|Any CPU.Build.0 = Release|Any CPU
		{2640FE52-8A1F-4C41-8450-CDD78548DD45}.Debug|Any CPU.ActiveCfg = Debug|Any CPU
		{2640FE52-8A1F-4C41-8450-CDD78548DD45}.Debug|Any CPU.Build.0 = Debug|Any CPU
		{2640FE52-8A1F-4C41-8450-CDD78548DD45}.Release|Any CPU.ActiveCfg = Release|Any CPU
		{2640FE52-8A1F-4C41-8450-CDD78548DD45}.Release|Any CPU.Build.0 = Release|Any CPU
	EndGlobalSection
	GlobalSection(SolutionProperties) = preSolution
		HideSolutionNode = FALSE
	EndGlobalSection
	GlobalSection(ExtensibilityGlobals) = postSolution
		SolutionGuid = {EB50D330-C14F-4756-891B-A283387AFF82}
	EndGlobalSection
EndGlobal
